
Microsoft Visual Studio Solution File, Format Version 12.00
# Visual Studio Version 17
VisualStudioVersion = 17.14.36203.30
MinimumVisualStudioVersion = 10.0.40219.1
Project("{FAE04EC0-301F-11D3-BF4B-00C04F79EFBC}") = "Tutel.EduWork", "Tutel.EduWork\Tutel.EduWork\Tutel.EduWork.csproj", "{9F9FE383-7778-4F71-8816-2B0E91B24C1C}"
EndProject
Project("{FAE04EC0-301F-11D3-BF4B-00C04F79EFBC}") = "Tutel.EduWork.Client", "Tutel.EduWork\Tutel.EduWork.Client\Tutel.EduWork.Client.csproj", "{49D2B3C8-A427-4F58-961C-78998D4DE90C}"
EndProject
Project("{FAE04EC0-301F-11D3-BF4B-00C04F79EFBC}") = "Tutel.EduWork.DataAccessLayer", "Tutel.EduWork.DataAccessLayer\Tutel.EduWork.DataAccessLayer.csproj", "{8A0532C6-0942-4AF8-BE75-6012D5BB3867}"
EndProject
Project("{FAE04EC0-301F-11D3-BF4B-00C04F79EFBC}") = "Tutel.EduWork.BusinessLayer", "Tutel.EduWork.BusinessLayer\Tutel.EduWork.BusinessLayer.csproj", "{FB674FF7-30DC-4F08-B3C4-125FD56A0B58}"
EndProject
Project("{FAE04EC0-301F-11D3-BF4B-00C04F79EFBC}") = "Tutel.EduWork.Tests", "Tutel.EduWork.Tests\Tutel.EduWork.Tests.csproj", "{1A788F1F-FD95-4342-9FF2-783D2400F5E1}"
EndProject
Project("{E53339B2-1760-4266-BCC7-CA923CBCF16C}") = "docker-compose", "docker-compose.dcproj", "{81DDED9D-158B-E303-5F62-77A2896D2A5A}"
EndProject
Global
	GlobalSection(SolutionConfigurationPlatforms) = preSolution
		Debug|Any CPU = Debug|Any CPU
		Release|Any CPU = Release|Any CPU
	EndGlobalSection
	GlobalSection(ProjectConfigurationPlatforms) = postSolution
		{9F9FE383-7778-4F71-8816-2B0E91B24C1C}.Debug|Any CPU.ActiveCfg = Debug|Any CPU
		{9F9FE383-7778-4F71-8816-2B0E91B24C1C}.Debug|Any CPU.Build.0 = Debug|Any CPU
		{9F9FE383-7778-4F71-8816-2B0E91B24C1C}.Release|Any CPU.ActiveCfg = Release|Any CPU
		{9F9FE383-7778-4F71-8816-2B0E91B24C1C}.Release|Any CPU.Build.0 = Release|Any CPU
		{49D2B3C8-A427-4F58-961C-78998D4DE90C}.Debug|Any CPU.ActiveCfg = Debug|Any CPU
		{49D2B3C8-A427-4F58-961C-78998D4DE90C}.Debug|Any CPU.Build.0 = Debug|Any CPU
		{49D2B3C8-A427-4F58-961C-78998D4DE90C}.Release|Any CPU.ActiveCfg = Release|Any CPU
		{49D2B3C8-A427-4F58-961C-78998D4DE90C}.Release|Any CPU.Build.0 = Release|Any CPU
		{8A0532C6-0942-4AF8-BE75-6012D5BB3867}.Debug|Any CPU.ActiveCfg = Debug|Any CPU
		{8A0532C6-0942-4AF8-BE75-6012D5BB3867}.Debug|Any CPU.Build.0 = Debug|Any CPU
		{8A0532C6-0942-4AF8-BE75-6012D5BB3867}.Release|Any CPU.ActiveCfg = Release|Any CPU
		{8A0532C6-0942-4AF8-BE75-6012D5BB3867}.Release|Any CPU.Build.0 = Release|Any CPU
		{FB674FF7-30DC-4F08-B3C4-125FD56A0B58}.Debug|Any CPU.ActiveCfg = Debug|Any CPU
		{FB674FF7-30DC-4F08-B3C4-125FD56A0B58}.Debug|Any CPU.Build.0 = Debug|Any CPU
		{FB674FF7-30DC-4F08-B3C4-125FD56A0B58}.Release|Any CPU.ActiveCfg = Release|Any CPU
		{FB674FF7-30DC-4F08-B3C4-125FD56A0B58}.Release|Any CPU.Build.0 = Release|Any CPU
		{1A788F1F-FD95-4342-9FF2-783D2400F5E1}.Debug|Any CPU.ActiveCfg = Debug|Any CPU
		{1A788F1F-FD95-4342-9FF2-783D2400F5E1}.Debug|Any CPU.Build.0 = Debug|Any CPU
		{1A788F1F-FD95-4342-9FF2-783D2400F5E1}.Release|Any CPU.ActiveCfg = Release|Any CPU
		{1A788F1F-FD95-4342-9FF2-783D2400F5E1}.Release|Any CPU.Build.0 = Release|Any CPU
		{F7EE3DF2-10A6-455D-884F-DA58397F0363}.Debug|Any CPU.ActiveCfg = Debug|Any CPU
		{F7EE3DF2-10A6-455D-884F-DA58397F0363}.Debug|Any CPU.Build.0 = Debug|Any CPU
		{F7EE3DF2-10A6-455D-884F-DA58397F0363}.Release|Any CPU.ActiveCfg = Release|Any CPU
		{F7EE3DF2-10A6-455D-884F-DA58397F0363}.Release|Any CPU.Build.0 = Release|Any CPU
		{81DDED9D-158B-E303-5F62-77A2896D2A5A}.Debug|Any CPU.ActiveCfg = Debug|Any CPU
		{81DDED9D-158B-E303-5F62-77A2896D2A5A}.Debug|Any CPU.Build.0 = Debug|Any CPU
		{81DDED9D-158B-E303-5F62-77A2896D2A5A}.Release|Any CPU.ActiveCfg = Release|Any CPU
		{81DDED9D-158B-E303-5F62-77A2896D2A5A}.Release|Any CPU.Build.0 = Release|Any CPU
		{1A788F1F-FD95-4342-9FF2-783D2400F5E1}.Debug|Any CPU.ActiveCfg = Debug|Any CPU
		{1A788F1F-FD95-4342-9FF2-783D2400F5E1}.Debug|Any CPU.Build.0 = Debug|Any CPU
		{1A788F1F-FD95-4342-9FF2-783D2400F5E1}.Release|Any CPU.ActiveCfg = Release|Any CPU
		{1A788F1F-FD95-4342-9FF2-783D2400F5E1}.Release|Any CPU.Build.0 = Release|Any CPU
	EndGlobalSection
	GlobalSection(SolutionProperties) = preSolution
		HideSolutionNode = FALSE
	EndGlobalSection
	GlobalSection(ExtensibilityGlobals) = postSolution
		SolutionGuid = {5E6A727C-8745-4575-B6E6-8E2BC2122D6D}
	EndGlobalSection
EndGlobal
